
Microsoft Visual Studio Solution File, Format Version 10.00
# Visual Studio 2008
Project("{FAE04EC0-301F-11D3-BF4B-00C04F79EFBC}") = "GUI", "GUI\GUI.csproj", "{7A9003C7-484C-4510-BE0F-128F219A812B}"
EndProject
Project("{FAE04EC0-301F-11D3-BF4B-00C04F79EFBC}") = "BusinessLogic", "BusinessLogic\BusinessLogic.csproj", "{4423B230-FAEA-458A-94FC-F8D912C2709A}"
	ProjectSection(ProjectDependencies) = postProject
		{DE5A5D82-C478-455B-8312-05BDA6064B4B} = {DE5A5D82-C478-455B-8312-05BDA6064B4B}
	EndProjectSection
EndProject
Project("{FAE04EC0-301F-11D3-BF4B-00C04F79EFBC}") = "e_Cafe", "e_Cafe\e_Cafe.csproj", "{23496019-7E6E-4263-A603-28B203C20C8F}"
	ProjectSection(ProjectDependencies) = postProject
		{0FA619A7-6266-4677-A439-43A7E0316353} = {0FA619A7-6266-4677-A439-43A7E0316353}
	EndProjectSection
EndProject
Project("{FAE04EC0-301F-11D3-BF4B-00C04F79EFBC}") = "ReportPrinting", "ReportPrinting\ReportPrinting.csproj", "{9330BA30-6B74-45C9-9788-3697F7731D32}"
EndProject
Project("{FAE04EC0-301F-11D3-BF4B-00C04F79EFBC}") = "ReportDebugger", "ReportDebugger\ReportDebugger.csproj", "{7E9C7AB4-E7CE-4AD8-B9F8-D2A56FEBD8FB}"
EndProject
Project("{FAE04EC0-301F-11D3-BF4B-00C04F79EFBC}") = "GridExtensions", "GridExtensions\GridExtensions.csproj", "{E5247765-0134-4714-A110-64D571FBF636}"
EndProject
Project("{FAE04EC0-301F-11D3-BF4B-00C04F79EFBC}") = "WinampFrontEndLib", "WinampFrontEndLib\WinampFrontEndLib.csproj", "{0FA619A7-6266-4677-A439-43A7E0316353}"
EndProject
Project("{FAE04EC0-301F-11D3-BF4B-00C04F79EFBC}") = "ODBCMngr", "ODBCMgr\ODBCMngr.csproj", "{DE5A5D82-C478-455B-8312-05BDA6064B4B}"
EndProject
Project("{FAE04EC0-301F-11D3-BF4B-00C04F79EFBC}") = "AdminModeTester", "AdminModeTester\AdminModeTester.csproj", "{EB9397E3-BA85-48EE-A72E-D7EB467F1FEF}"
EndProject
Global
	GlobalSection(SolutionConfigurationPlatforms) = preSolution
		Debug|Any CPU = Debug|Any CPU
		Debug|x86 = Debug|x86
		DebugTest|Any CPU = DebugTest|Any CPU
		DebugTest|x86 = DebugTest|x86
		Release|Any CPU = Release|Any CPU
		Release|x86 = Release|x86
		WebDebugTest|Any CPU = WebDebugTest|Any CPU
		WebDebugTest|x86 = WebDebugTest|x86
	EndGlobalSection
	GlobalSection(ProjectConfigurationPlatforms) = postSolution
		{7A9003C7-484C-4510-BE0F-128F219A812B}.Debug|Any CPU.ActiveCfg = Debug|Any CPU
		{7A9003C7-484C-4510-BE0F-128F219A812B}.Debug|Any CPU.Build.0 = Debug|Any CPU
		{7A9003C7-484C-4510-BE0F-128F219A812B}.Debug|x86.ActiveCfg = Debug|x86
		{7A9003C7-484C-4510-BE0F-128F219A812B}.DebugTest|Any CPU.ActiveCfg = Debug|x86
		{7A9003C7-484C-4510-BE0F-128F219A812B}.DebugTest|x86.ActiveCfg = Debug|x86
		{7A9003C7-484C-4510-BE0F-128F219A812B}.Release|Any CPU.ActiveCfg = Release|Any CPU
		{7A9003C7-484C-4510-BE0F-128F219A812B}.Release|Any CPU.Build.0 = Release|Any CPU
		{7A9003C7-484C-4510-BE0F-128F219A812B}.Release|x86.ActiveCfg = Release|x86
		{7A9003C7-484C-4510-BE0F-128F219A812B}.WebDebugTest|Any CPU.ActiveCfg = Debug|x86
		{7A9003C7-484C-4510-BE0F-128F219A812B}.WebDebugTest|x86.ActiveCfg = Debug|x86
		{4423B230-FAEA-458A-94FC-F8D912C2709A}.Debug|Any CPU.ActiveCfg = Debug|Any CPU
		{4423B230-FAEA-458A-94FC-F8D912C2709A}.Debug|Any CPU.Build.0 = Debug|Any CPU
		{4423B230-FAEA-458A-94FC-F8D912C2709A}.Debug|x86.ActiveCfg = Debug|x86
		{4423B230-FAEA-458A-94FC-F8D912C2709A}.DebugTest|Any CPU.ActiveCfg = Debug|x86
		{4423B230-FAEA-458A-94FC-F8D912C2709A}.DebugTest|x86.ActiveCfg = Debug|x86
		{4423B230-FAEA-458A-94FC-F8D912C2709A}.Release|Any CPU.ActiveCfg = Release|Any CPU
		{4423B230-FAEA-458A-94FC-F8D912C2709A}.Release|Any CPU.Build.0 = Release|Any CPU
		{4423B230-FAEA-458A-94FC-F8D912C2709A}.Release|x86.ActiveCfg = Release|x86
		{4423B230-FAEA-458A-94FC-F8D912C2709A}.WebDebugTest|Any CPU.ActiveCfg = Debug|x86
		{4423B230-FAEA-458A-94FC-F8D912C2709A}.WebDebugTest|x86.ActiveCfg = Debug|x86
		{23496019-7E6E-4263-A603-28B203C20C8F}.Debug|Any CPU.ActiveCfg = Debug|Any CPU
		{23496019-7E6E-4263-A603-28B203C20C8F}.Debug|Any CPU.Build.0 = Debug|Any CPU
		{23496019-7E6E-4263-A603-28B203C20C8F}.Debug|x86.ActiveCfg = Debug|x86
		{23496019-7E6E-4263-A603-28B203C20C8F}.DebugTest|Any CPU.ActiveCfg = Debug|x86
		{23496019-7E6E-4263-A603-28B203C20C8F}.DebugTest|x86.ActiveCfg = Debug|x86
		{23496019-7E6E-4263-A603-28B203C20C8F}.Release|Any CPU.ActiveCfg = Release|Any CPU
		{23496019-7E6E-4263-A603-28B203C20C8F}.Release|Any CPU.Build.0 = Release|Any CPU
		{23496019-7E6E-4263-A603-28B203C20C8F}.Release|x86.ActiveCfg = Release|x86
		{23496019-7E6E-4263-A603-28B203C20C8F}.WebDebugTest|Any CPU.ActiveCfg = Debug|x86
		{23496019-7E6E-4263-A603-28B203C20C8F}.WebDebugTest|x86.ActiveCfg = Debug|x86
		{9330BA30-6B74-45C9-9788-3697F7731D32}.Debug|Any CPU.ActiveCfg = Debug|Any CPU
		{9330BA30-6B74-45C9-9788-3697F7731D32}.Debug|Any CPU.Build.0 = Debug|Any CPU
		{9330BA30-6B74-45C9-9788-3697F7731D32}.Debug|x86.ActiveCfg = Debug|Any CPU
		{9330BA30-6B74-45C9-9788-3697F7731D32}.DebugTest|Any CPU.ActiveCfg = Debug|Any CPU
		{9330BA30-6B74-45C9-9788-3697F7731D32}.DebugTest|x86.ActiveCfg = Debug|Any CPU
		{9330BA30-6B74-45C9-9788-3697F7731D32}.Release|Any CPU.ActiveCfg = Release|Any CPU
		{9330BA30-6B74-45C9-9788-3697F7731D32}.Release|Any CPU.Build.0 = Release|Any CPU
		{9330BA30-6B74-45C9-9788-3697F7731D32}.Release|x86.ActiveCfg = Release|Any CPU
		{9330BA30-6B74-45C9-9788-3697F7731D32}.WebDebugTest|Any CPU.ActiveCfg = Debug|Any CPU
		{9330BA30-6B74-45C9-9788-3697F7731D32}.WebDebugTest|x86.ActiveCfg = Debug|Any CPU
		{7E9C7AB4-E7CE-4AD8-B9F8-D2A56FEBD8FB}.Debug|Any CPU.ActiveCfg = Debug|Any CPU
		{7E9C7AB4-E7CE-4AD8-B9F8-D2A56FEBD8FB}.Debug|Any CPU.Build.0 = Debug|Any CPU
		{7E9C7AB4-E7CE-4AD8-B9F8-D2A56FEBD8FB}.Debug|x86.ActiveCfg = Debug|Any CPU
		{7E9C7AB4-E7CE-4AD8-B9F8-D2A56FEBD8FB}.DebugTest|Any CPU.ActiveCfg = Debug|Any CPU
		{7E9C7AB4-E7CE-4AD8-B9F8-D2A56FEBD8FB}.DebugTest|x86.ActiveCfg = Debug|Any CPU
		{7E9C7AB4-E7CE-4AD8-B9F8-D2A56FEBD8FB}.Release|Any CPU.ActiveCfg = Release|Any CPU
		{7E9C7AB4-E7CE-4AD8-B9F8-D2A56FEBD8FB}.Release|Any CPU.Build.0 = Release|Any CPU
		{7E9C7AB4-E7CE-4AD8-B9F8-D2A56FEBD8FB}.Release|x86.ActiveCfg = Release|Any CPU
		{7E9C7AB4-E7CE-4AD8-B9F8-D2A56FEBD8FB}.WebDebugTest|Any CPU.ActiveCfg = Debug|Any CPU
		{7E9C7AB4-E7CE-4AD8-B9F8-D2A56FEBD8FB}.WebDebugTest|x86.ActiveCfg = Debug|Any CPU
		{E5247765-0134-4714-A110-64D571FBF636}.Debug|Any CPU.ActiveCfg = Debug|Any CPU
		{E5247765-0134-4714-A110-64D571FBF636}.Debug|Any CPU.Build.0 = Debug|Any CPU
		{E5247765-0134-4714-A110-64D571FBF636}.Debug|x86.ActiveCfg = Debug|Any CPU
		{E5247765-0134-4714-A110-64D571FBF636}.DebugTest|Any CPU.ActiveCfg = Debug|Any CPU
		{E5247765-0134-4714-A110-64D571FBF636}.DebugTest|x86.ActiveCfg = Debug|Any CPU
		{E5247765-0134-4714-A110-64D571FBF636}.Release|Any CPU.ActiveCfg = Release|Any CPU
		{E5247765-0134-4714-A110-64D571FBF636}.Release|Any CPU.Build.0 = Release|Any CPU
		{E5247765-0134-4714-A110-64D571FBF636}.Release|x86.ActiveCfg = Release|Any CPU
		{E5247765-0134-4714-A110-64D571FBF636}.WebDebugTest|Any CPU.ActiveCfg = Debug|Any CPU
		{E5247765-0134-4714-A110-64D571FBF636}.WebDebugTest|x86.ActiveCfg = Debug|Any CPU
		{0FA619A7-6266-4677-A439-43A7E0316353}.Debug|Any CPU.ActiveCfg = Debug|Any CPU
		{0FA619A7-6266-4677-A439-43A7E0316353}.Debug|Any CPU.Build.0 = Debug|Any CPU
		{0FA619A7-6266-4677-A439-43A7E0316353}.Debug|x86.ActiveCfg = Debug|Any CPU
		{0FA619A7-6266-4677-A439-43A7E0316353}.DebugTest|Any CPU.ActiveCfg = Debug|Any CPU
		{0FA619A7-6266-4677-A439-43A7E0316353}.DebugTest|x86.ActiveCfg = Debug|Any CPU
		{0FA619A7-6266-4677-A439-43A7E0316353}.Release|Any CPU.ActiveCfg = Release|Any CPU
		{0FA619A7-6266-4677-A439-43A7E0316353}.Release|Any CPU.Build.0 = Release|Any CPU
		{0FA619A7-6266-4677-A439-43A7E0316353}.Release|x86.ActiveCfg = Release|Any CPU
		{0FA619A7-6266-4677-A439-43A7E0316353}.WebDebugTest|Any CPU.ActiveCfg = Debug|Any CPU
		{0FA619A7-6266-4677-A439-43A7E0316353}.WebDebugTest|x86.ActiveCfg = Debug|Any CPU
		{DE5A5D82-C478-455B-8312-05BDA6064B4B}.Debug|Any CPU.ActiveCfg = Debug|Any CPU
		{DE5A5D82-C478-455B-8312-05BDA6064B4B}.Debug|Any CPU.Build.0 = Debug|Any CPU
		{DE5A5D82-C478-455B-8312-05BDA6064B4B}.Debug|x86.ActiveCfg = Debug|Any CPU
		{DE5A5D82-C478-455B-8312-05BDA6064B4B}.DebugTest|Any CPU.ActiveCfg = Debug|Any CPU
		{DE5A5D82-C478-455B-8312-05BDA6064B4B}.DebugTest|x86.ActiveCfg = Debug|Any CPU
		{DE5A5D82-C478-455B-8312-05BDA6064B4B}.Release|Any CPU.ActiveCfg = Release|Any CPU
		{DE5A5D82-C478-455B-8312-05BDA6064B4B}.Release|Any CPU.Build.0 = Release|Any CPU
		{DE5A5D82-C478-455B-8312-05BDA6064B4B}.Release|x86.ActiveCfg = Release|Any CPU
		{DE5A5D82-C478-455B-8312-05BDA6064B4B}.WebDebugTest|Any CPU.ActiveCfg = Debug|Any CPU
		{DE5A5D82-C478-455B-8312-05BDA6064B4B}.WebDebugTest|x86.ActiveCfg = Debug|Any CPU
		{EB9397E3-BA85-48EE-A72E-D7EB467F1FEF}.Debug|Any CPU.ActiveCfg = Debug|Any CPU
		{EB9397E3-BA85-48EE-A72E-D7EB467F1FEF}.Debug|Any CPU.Build.0 = Debug|Any CPU
		{EB9397E3-BA85-48EE-A72E-D7EB467F1FEF}.Debug|x86.ActiveCfg = Debug|Any CPU
		{EB9397E3-BA85-48EE-A72E-D7EB467F1FEF}.DebugTest|Any CPU.ActiveCfg = Debug|Any CPU
		{EB9397E3-BA85-48EE-A72E-D7EB467F1FEF}.DebugTest|x86.ActiveCfg = Debug|Any CPU
		{EB9397E3-BA85-48EE-A72E-D7EB467F1FEF}.Release|Any CPU.ActiveCfg = Release|Any CPU
		{EB9397E3-BA85-48EE-A72E-D7EB467F1FEF}.Release|Any CPU.Build.0 = Release|Any CPU
		{EB9397E3-BA85-48EE-A72E-D7EB467F1FEF}.Release|x86.ActiveCfg = Release|Any CPU
		{EB9397E3-BA85-48EE-A72E-D7EB467F1FEF}.WebDebugTest|Any CPU.ActiveCfg = Debug|Any CPU
		{EB9397E3-BA85-48EE-A72E-D7EB467F1FEF}.WebDebugTest|x86.ActiveCfg = Debug|Any CPU
	EndGlobalSection
	GlobalSection(SolutionProperties) = preSolution
		HideSolutionNode = FALSE
	EndGlobalSection
EndGlobal
