
Microsoft Visual Studio Solution File, Format Version 10.00
# Visual Studio 2008
Project("{FAE04EC0-301F-11D3-BF4B-00C04F79EFBC}") = "GUI", "GUI\GUI.csproj", "{7A9003C7-484C-4510-BE0F-128F219A812B}"
EndProject
Project("{FAE04EC0-301F-11D3-BF4B-00C04F79EFBC}") = "BusinessLogic", "BusinessLogic\BusinessLogic.csproj", "{4423B230-FAEA-458A-94FC-F8D912C2709A}"
EndProject
Project("{FAE04EC0-301F-11D3-BF4B-00C04F79EFBC}") = "e_Cafe", "e_Cafe\e_Cafe.csproj", "{23496019-7E6E-4263-A603-28B203C20C8F}"
EndProject
Project("{FAE04EC0-301F-11D3-BF4B-00C04F79EFBC}") = "ReportPrinting", "ReportPrinting\ReportPrinting.csproj", "{9330BA30-6B74-45C9-9788-3697F7731D32}"
EndProject
Project("{FAE04EC0-301F-11D3-BF4B-00C04F79EFBC}") = "ReportDebugger", "ReportDebugger\ReportDebugger.csproj", "{7E9C7AB4-E7CE-4AD8-B9F8-D2A56FEBD8FB}"
EndProject
Project("{FAE04EC0-301F-11D3-BF4B-00C04F79EFBC}") = "GridExtensions", "GridExtensions\GridExtensions.csproj", "{E5247765-0134-4714-A110-64D571FBF636}"
EndProject
Project("{FAE04EC0-301F-11D3-BF4B-00C04F79EFBC}") = "WinampFrontEndLib", "WinampFrontEndLib\WinampFrontEndLib.csproj", "{0FA619A7-6266-4677-A439-43A7E0316353}"
EndProject
Global
	GlobalSection(SolutionConfigurationPlatforms) = preSolution
		Debug|Any CPU = Debug|Any CPU
		Debug|x86 = Debug|x86
		Release|Any CPU = Release|Any CPU
		Release|x86 = Release|x86
	EndGlobalSection
	GlobalSection(ProjectConfigurationPlatforms) = postSolution
		{7A9003C7-484C-4510-BE0F-128F219A812B}.Debug|Any CPU.ActiveCfg = Debug|Any CPU
		{7A9003C7-484C-4510-BE0F-128F219A812B}.Debug|Any CPU.Build.0 = Debug|Any CPU
		{7A9003C7-484C-4510-BE0F-128F219A812B}.Debug|x86.ActiveCfg = Debug|x86
		{7A9003C7-484C-4510-BE0F-128F219A812B}.Debug|x86.Build.0 = Debug|x86
		{7A9003C7-484C-4510-BE0F-128F219A812B}.Release|Any CPU.ActiveCfg = Release|Any CPU
		{7A9003C7-484C-4510-BE0F-128F219A812B}.Release|Any CPU.Build.0 = Release|Any CPU
		{7A9003C7-484C-4510-BE0F-128F219A812B}.Release|x86.ActiveCfg = Release|x86
		{7A9003C7-484C-4510-BE0F-128F219A812B}.Release|x86.Build.0 = Release|x86
		{4423B230-FAEA-458A-94FC-F8D912C2709A}.Debug|Any CPU.ActiveCfg = Debug|Any CPU
		{4423B230-FAEA-458A-94FC-F8D912C2709A}.Debug|Any CPU.Build.0 = Debug|Any CPU
		{4423B230-FAEA-458A-94FC-F8D912C2709A}.Debug|x86.ActiveCfg = Debug|x86
		{4423B230-FAEA-458A-94FC-F8D912C2709A}.Debug|x86.Build.0 = Debug|x86
		{4423B230-FAEA-458A-94FC-F8D912C2709A}.Release|Any CPU.ActiveCfg = Release|Any CPU
		{4423B230-FAEA-458A-94FC-F8D912C2709A}.Release|Any CPU.Build.0 = Release|Any CPU
		{4423B230-FAEA-458A-94FC-F8D912C2709A}.Release|x86.ActiveCfg = Release|x86
		{4423B230-FAEA-458A-94FC-F8D912C2709A}.Release|x86.Build.0 = Release|x86
		{23496019-7E6E-4263-A603-28B203C20C8F}.Debug|Any CPU.ActiveCfg = Debug|Any CPU
		{23496019-7E6E-4263-A603-28B203C20C8F}.Debug|Any CPU.Build.0 = Debug|Any CPU
		{23496019-7E6E-4263-A603-28B203C20C8F}.Debug|x86.ActiveCfg = Debug|x86
		{23496019-7E6E-4263-A603-28B203C20C8F}.Debug|x86.Build.0 = Debug|x86
		{23496019-7E6E-4263-A603-28B203C20C8F}.Release|Any CPU.ActiveCfg = Release|Any CPU
		{23496019-7E6E-4263-A603-28B203C20C8F}.Release|Any CPU.Build.0 = Release|Any CPU
		{23496019-7E6E-4263-A603-28B203C20C8F}.Release|x86.ActiveCfg = Release|x86
		{23496019-7E6E-4263-A603-28B203C20C8F}.Release|x86.Build.0 = Release|x86
		{9330BA30-6B74-45C9-9788-3697F7731D32}.Debug|Any CPU.ActiveCfg = Debug|Any CPU
		{9330BA30-6B74-45C9-9788-3697F7731D32}.Debug|Any CPU.Build.0 = Debug|Any CPU
		{9330BA30-6B74-45C9-9788-3697F7731D32}.Debug|x86.ActiveCfg = Debug|Any CPU
		{9330BA30-6B74-45C9-9788-3697F7731D32}.Release|Any CPU.ActiveCfg = Release|Any CPU
		{9330BA30-6B74-45C9-9788-3697F7731D32}.Release|Any CPU.Build.0 = Release|Any CPU
		{9330BA30-6B74-45C9-9788-3697F7731D32}.Release|x86.ActiveCfg = Release|Any CPU
		{7E9C7AB4-E7CE-4AD8-B9F8-D2A56FEBD8FB}.Debug|Any CPU.ActiveCfg = Debug|Any CPU
		{7E9C7AB4-E7CE-4AD8-B9F8-D2A56FEBD8FB}.Debug|Any CPU.Build.0 = Debug|Any CPU
		{7E9C7AB4-E7CE-4AD8-B9F8-D2A56FEBD8FB}.Debug|x86.ActiveCfg = Debug|Any CPU
		{7E9C7AB4-E7CE-4AD8-B9F8-D2A56FEBD8FB}.Release|Any CPU.ActiveCfg = Release|Any CPU
		{7E9C7AB4-E7CE-4AD8-B9F8-D2A56FEBD8FB}.Release|Any CPU.Build.0 = Release|Any CPU
		{7E9C7AB4-E7CE-4AD8-B9F8-D2A56FEBD8FB}.Release|x86.ActiveCfg = Release|Any CPU
		{E5247765-0134-4714-A110-64D571FBF636}.Debug|Any CPU.ActiveCfg = Debug|Any CPU
		{E5247765-0134-4714-A110-64D571FBF636}.Debug|Any CPU.Build.0 = Debug|Any CPU
		{E5247765-0134-4714-A110-64D571FBF636}.Debug|x86.ActiveCfg = Debug|Any CPU
		{E5247765-0134-4714-A110-64D571FBF636}.Release|Any CPU.ActiveCfg = Release|Any CPU
		{E5247765-0134-4714-A110-64D571FBF636}.Release|Any CPU.Build.0 = Release|Any CPU
		{E5247765-0134-4714-A110-64D571FBF636}.Release|x86.ActiveCfg = Release|Any CPU
		{0FA619A7-6266-4677-A439-43A7E0316353}.Debug|Any CPU.ActiveCfg = Debug|Any CPU
		{0FA619A7-6266-4677-A439-43A7E0316353}.Debug|Any CPU.Build.0 = Debug|Any CPU
		{0FA619A7-6266-4677-A439-43A7E0316353}.Debug|x86.ActiveCfg = Debug|Any CPU
		{0FA619A7-6266-4677-A439-43A7E0316353}.Release|Any CPU.ActiveCfg = Release|Any CPU
		{0FA619A7-6266-4677-A439-43A7E0316353}.Release|Any CPU.Build.0 = Release|Any CPU
		{0FA619A7-6266-4677-A439-43A7E0316353}.Release|x86.ActiveCfg = Release|Any CPU
	EndGlobalSection
	GlobalSection(SolutionProperties) = preSolution
		HideSolutionNode = FALSE
	EndGlobalSection
EndGlobal
